
Microsoft Visual Studio Solution File, Format Version 12.00
# Visual Studio Version 16
VisualStudioVersion = 16.0.31515.178
MinimumVisualStudioVersion = 10.0.40219.1
Project("{FAE04EC0-301F-11D3-BF4B-00C04F79EFBC}") = "bot", "bot\bot.csproj", "{F7E3E474-E821-4137-BEC8-17653049FA4D}"
EndProject
Global
	GlobalSection(SolutionConfigurationPlatforms) = preSolution
		Debug|Any CPU = Debug|Any CPU
		Release|Any CPU = Release|Any CPU
	EndGlobalSection
	GlobalSection(ProjectConfigurationPlatforms) = postSolution
		{F7E3E474-E821-4137-BEC8-17653049FA4D}.Debug|Any CPU.ActiveCfg = Debug|Any CPU
		{F7E3E474-E821-4137-BEC8-17653049FA4D}.Debug|Any CPU.Build.0 = Debug|Any CPU
		{F7E3E474-E821-4137-BEC8-17653049FA4D}.Release|Any CPU.ActiveCfg = Release|Any CPU
		{F7E3E474-E821-4137-BEC8-17653049FA4D}.Release|Any CPU.Build.0 = Release|Any CPU
	EndGlobalSection
	GlobalSection(SolutionProperties) = preSolution
		HideSolutionNode = FALSE
	EndGlobalSection
	GlobalSection(ExtensibilityGlobals) = postSolution
		SolutionGuid = {4F335E05-E437-4975-A43D-021F7569D1F6}
	EndGlobalSection
EndGlobal
